PODS:
  - OPAttributeString (0.0.5)

DEPENDENCIES:
  - OPAttributeString (= 0.0.5)

SPEC REPOS:
  https://github.com/CocoaPods/Specs.git:
    - OPAttributeString

SPEC CHECKSUMS:
  OPAttributeString: 7862ac91663f1f539500b817fc67de6d61bf275f

PODFILE CHECKSUM: e279940f4c1607c92c62697ae8ab6cfa60d155dd

COCOAPODS: 1.5.0
