PODS:
  - OPAttributeString (0.0.6)

DEPENDENCIES:
  - OPAttributeString

SPEC REPOS:
  https://github.com/CocoaPods/Specs.git:
    - OPAttributeString

SPEC CHECKSUMS:
  OPAttributeString: beaba0a1cfaea615a50f7093e4266a365c6e1a82

PODFILE CHECKSUM: 6d7a1917f441c6cc04f7486d7a3f2bfa1925b111

COCOAPODS: 1.5.0
